// !$*UTF8*$!
{
	archiveVersion = 1;
	classes = {
	};
	objectVersion = 46;
	objects = {

/* Begin PBXBuildFile section */
		4C84308B1E8DE6F2008ABE0E /* AppDelegate.swift in Sources */ = {isa = PBXBuildFile; fileRef = 4C84308A1E8DE6F2008ABE0E /* AppDelegate.swift */; };
		4C84308D1E8DE6F2008ABE0E /* ViewController.swift in Sources */ = {isa = PBXBuildFile; fileRef = 4C84308C1E8DE6F2008ABE0E /* ViewController.swift */; };
		4C84308F1E8DE6F2008ABE0E /* Assets.xcassets in Resources */ = {isa = PBXBuildFile; fileRef = 4C84308E1E8DE6F2008ABE0E /* Assets.xcassets */; };
		4C8430921E8DE6F2008ABE0E /* Main.storyboard in Resources */ = {isa = PBXBuildFile; fileRef = 4C8430901E8DE6F2008ABE0E /* Main.storyboard */; };
		4C84309A1E8DE8B7008ABE0E /* Mosaic.swift in Sources */ = {isa = PBXBuildFile; fileRef = 4C8430991E8DE8B7008ABE0E /* Mosaic.swift */; };
/* End PBXBuildFile section */

/* Begin PBXFileReference section */
		4C8430871E8DE6F2008ABE0E /* Mosaic4ll.app */ = {isa = PBXFileReference; explicitFileType = wrapper.application; includeInIndex = 0; path = Mosaic4ll.app; sourceTree = BUILT_PRODUCTS_DIR; };
		4C84308A1E8DE6F2008ABE0E /* AppDelegate.swift */ = {isa = PBXFileReference; lastKnownFileType = sourcecode.swift; path = AppDelegate.swift; sourceTree = "<group>"; };
		4C84308C1E8DE6F2008ABE0E /* ViewController.swift */ = {isa = PBXFileReference; lastKnownFileType = sourcecode.swift; path = ViewController.swift; sourceTree = "<group>"; };
		4C84308E1E8DE6F2008ABE0E /* Assets.xcassets */ = {isa = PBXFileReference; lastKnownFileType = folder.assetcatalog; path = Assets.xcassets; sourceTree = "<group>"; };
		4C8430911E8DE6F2008ABE0E /* Base */ = {isa = PBXFileReference; lastKnownFileType = file.storyboard; name = Base; path = Base.lproj/Main.storyboard; sourceTree = "<group>"; };
		4C8430931E8DE6F2008ABE0E /* Info.plist */ = {isa = PBXFileReference; lastKnownFileType = text.plist.xml; path = Info.plist; sourceTree = "<group>"; };
		4C8430991E8DE8B7008ABE0E /* Mosaic.swift */ = {isa = PBXFileReference; fileEncoding = 4; lastKnownFileType = sourcecode.swift; path = Mosaic.swift; sourceTree = "<group>"; };
		4CA7FC2B1E94E5C40050A6F8 /* Mosaic4ll.entitlements */ = {isa = PBXFileReference; lastKnownFileType = text.plist.entitlements; path = Mosaic4ll.entitlements; sourceTree = "<group>"; };
/* End PBXFileReference section */

/* Begin PBXFrameworksBuildPhase section */
		4C8430841E8DE6F2008ABE0E /* Frameworks */ = {
			isa = PBXFrameworksBuildPhase;
			buildActionMask = 2147483647;
			files = (
			);
			runOnlyForDeploymentPostprocessing = 0;
		};
/* End PBXFrameworksBuildPhase section */

/* Begin PBXGroup section */
		4C84307E1E8DE6F2008ABE0E = {
			isa = PBXGroup;
			children = (
				4C8430891E8DE6F2008ABE0E /* Mosaic4ll */,
				4C8430881E8DE6F2008ABE0E /* Products */,
			);
			sourceTree = "<group>";
		};
		4C8430881E8DE6F2008ABE0E /* Products */ = {
			isa = PBXGroup;
			children = (
				4C8430871E8DE6F2008ABE0E /* Mosaic4ll.app */,
			);
			name = Products;
			sourceTree = "<group>";
		};
		4C8430891E8DE6F2008ABE0E /* Mosaic4ll */ = {
			isa = PBXGroup;
			children = (
				4CA7FC2B1E94E5C40050A6F8 /* Mosaic4ll.entitlements */,
				4C84308A1E8DE6F2008ABE0E /* AppDelegate.swift */,
				4C84308C1E8DE6F2008ABE0E /* ViewController.swift */,
				4C8430991E8DE8B7008ABE0E /* Mosaic.swift */,
				4C84308E1E8DE6F2008ABE0E /* Assets.xcassets */,
				4C8430901E8DE6F2008ABE0E /* Main.storyboard */,
				4C8430931E8DE6F2008ABE0E /* Info.plist */,
			);
			path = Mosaic4ll;
			sourceTree = "<group>";
		};
/* End PBXGroup section */

/* Begin PBXNativeTarget section */
		4C8430861E8DE6F2008ABE0E /* Mosaic4ll */ = {
			isa = PBXNativeTarget;
			buildConfigurationList = 4C8430961E8DE6F2008ABE0E /* Build configuration list for PBXNativeTarget "Mosaic4ll" */;
			buildPhases = (
				4C8430831E8DE6F2008ABE0E /* Sources */,
				4C8430841E8DE6F2008ABE0E /* Frameworks */,
				4C8430851E8DE6F2008ABE0E /* Resources */,
			);
			buildRules = (
			);
			dependencies = (
			);
			name = Mosaic4ll;
			productName = Mosaic4ll;
			productReference = 4C8430871E8DE6F2008ABE0E /* Mosaic4ll.app */;
			productType = "com.apple.product-type.application";
		};
/* End PBXNativeTarget section */

/* Begin PBXProject section */
		4C84307F1E8DE6F2008ABE0E /* Project object */ = {
			isa = PBXProject;
			attributes = {
				LastSwiftUpdateCheck = 0820;
				LastUpgradeCheck = 0820;
				ORGANIZATIONNAME = Michael;
				TargetAttributes = {
					4C8430861E8DE6F2008ABE0E = {
						CreatedOnToolsVersion = 8.2.1;
						DevelopmentTeam = JTVP4Z7968;
						ProvisioningStyle = Automatic;
						SystemCapabilities = {
							com.apple.ApplicationGroups.Mac = {
								enabled = 0;
							};
							com.apple.Sandbox = {
								enabled = 1;
							};
						};
					};
				};
			};
			buildConfigurationList = 4C8430821E8DE6F2008ABE0E /* Build configuration list for PBXProject "Mosaic4ll" */;
			compatibilityVersion = "Xcode 3.2";
			developmentRegion = English;
			hasScannedForEncodings = 0;
			knownRegions = (
				en,
				Base,
			);
			mainGroup = 4C84307E1E8DE6F2008ABE0E;
			productRefGroup = 4C8430881E8DE6F2008ABE0E /* Products */;
			projectDirPath = "";
			projectRoot = "";
			targets = (
				4C8430861E8DE6F2008ABE0E /* Mosaic4ll */,
			);
		};
/* End PBXProject section */

/* Begin PBXResourcesBuildPhase section */
		4C8430851E8DE6F2008ABE0E /* Resources */ = {
			isa = PBXResourcesBuildPhase;
			buildActionMask = 2147483647;
			files = (
				4C84308F1E8DE6F2008ABE0E /* Assets.xcassets in Resources */,
				4C8430921E8DE6F2008ABE0E /* Main.storyboard in Resources */,
			);
			runOnlyForDeploymentPostprocessing = 0;
		};
/* End PBXResourcesBuildPhase section */

/* Begin PBXSourcesBuildPhase section */
		4C8430831E8DE6F2008ABE0E /* Sources */ = {
			isa = PBXSourcesBuildPhase;
			buildActionMask = 2147483647;
			files = (
				4C84308D1E8DE6F2008ABE0E /* ViewController.swift in Sources */,
				4C84309A1E8DE8B7008ABE0E /* Mosaic.swift in Sources */,
				4C84308B1E8DE6F2008ABE0E /* AppDelegate.swift in Sources */,
			);
			runOnlyForDeploymentPostprocessing = 0;
		};
/* End PBXSourcesBuildPhase section */

/* Begin PBXVariantGroup section */
		4C8430901E8DE6F2008ABE0E /* Main.storyboard */ = {
			isa = PBXVariantGroup;
			children = (
				4C8430911E8DE6F2008ABE0E /* Base */,
			);
			name = Main.storyboard;
			sourceTree = "<group>";
		};
/* End PBXVariantGroup section */

/* Begin XCBuildConfiguration section */
		4C8430941E8DE6F2008ABE0E /* Debug */ = {
			isa = XCBuildConfiguration;
			buildSettings = {
				ALWAYS_SEARCH_USER_PATHS = NO;
				CLANG_ANALYZER_NONNULL = YES;
				CLANG_CXX_LANGUAGE_STANDARD = "gnu++0x";
				CLANG_CXX_LIBRARY = "libc++";
				CLANG_ENABLE_MODULES = YES;
				CLANG_ENABLE_OBJC_ARC = YES;
				CLANG_WARN_BOOL_CONVERSION = YES;
				CLANG_WARN_CONSTANT_CONVERSION = YES;
				CLANG_WARN_DIRECT_OBJC_ISA_USAGE = YES_ERROR;
				CLANG_WARN_DOCUMENTATION_COMMENTS = YES;
				CLANG_WARN_EMPTY_BODY = YES;
				CLANG_WARN_ENUM_CONVERSION = YES;
				CLANG_WARN_INFINITE_RECURSION = YES;
				CLANG_WARN_INT_CONVERSION = YES;
				CLANG_WARN_OBJC_ROOT_CLASS = YES_ERROR;
				CLANG_WARN_SUSPICIOUS_MOVE = YES;
				CLANG_WARN_UNREACHABLE_CODE = YES;
				CLANG_WARN__DUPLICATE_METHOD_MATCH = YES;
				CODE_SIGN_IDENTITY = "-";
				COPY_PHASE_STRIP = NO;
				DEBUG_INFORMATION_FORMAT = dwarf;
				ENABLE_STRICT_OBJC_MSGSEND = YES;
				ENABLE_TESTABILITY = YES;
				GCC_C_LANGUAGE_STANDARD = gnu99;
				GCC_DYNAMIC_NO_PIC = NO;
				GCC_NO_COMMON_BLOCKS = YES;
				GCC_OPTIMIZATION_LEVEL = 0;
				GCC_PREPROCESSOR_DEFINITIONS = (
					"DEBUG=1",
					"$(inherited)",
				);
				GCC_WARN_64_TO_32_BIT_CONVERSION = YES;
				GCC_WARN_ABOUT_RETURN_TYPE = YES_ERROR;
				GCC_WARN_UNDECLARED_SELECTOR = YES;
				GCC_WARN_UNINITIALIZED_AUTOS = YES_AGGRESSIVE;
				GCC_WARN_UNUSED_FUNCTION = YES;
				GCC_WARN_UNUSED_VARIABLE = YES;
				MACOSX_DEPLOYMENT_TARGET = 10.12;
				MTL_ENABLE_DEBUG_INFO = YES;
				ONLY_ACTIVE_ARCH = YES;
				SDKROOT = macosx;
				SWIFT_ACTIVE_COMPILATION_CONDITIONS = DEBUG;
				SWIFT_OPTIMIZATION_LEVEL = "-Onone";
			};
			name = Debug;
		};
		4C8430951E8DE6F2008ABE0E /* Release */ = {
			isa = XCBuildConfiguration;
			buildSettings = {
				ALWAYS_SEARCH_USER_PATHS = NO;
				CLANG_ANALYZER_NONNULL = YES;
				CLANG_CXX_LANGUAGE_STANDARD = "gnu++0x";
				CLANG_CXX_LIBRARY = "libc++";
				CLANG_ENABLE_MODULES = YES;
				CLANG_ENABLE_OBJC_ARC = YES;
				CLANG_WARN_BOOL_CONVERSION = YES;
				CLANG_WARN_CONSTANT_CONVERSION = YES;
				CLANG_WARN_DIRECT_OBJC_ISA_USAGE = YES_ERROR;
				CLANG_WARN_DOCUMENTATION_COMMENTS = YES;
				CLANG_WARN_EMPTY_BODY = YES;
				CLANG_WARN_ENUM_CONVERSION = YES;
				CLANG_WARN_INFINITE_RECURSION = YES;
				CLANG_WARN_INT_CONVERSION = YES;
				CLANG_WARN_OBJC_ROOT_CLASS = YES_ERROR;
				CLANG_WARN_SUSPICIOUS_MOVE = YES;
				CLANG_WARN_UNREACHABLE_CODE = YES;
				CLANG_WARN__DUPLICATE_METHOD_MATCH = YES;
				CODE_SIGN_IDENTITY = "-";
				COPY_PHASE_STRIP = NO;
				DEBUG_INFORMATION_FORMAT = "dwarf-with-dsym";
				ENABLE_NS_ASSERTIONS = NO;
				ENABLE_STRICT_OBJC_MSGSEND = YES;
				GCC_C_LANGUAGE_STANDARD = gnu99;
				GCC_NO_COMMON_BLOCKS = YES;
				GCC_WARN_64_TO_32_BIT_CONVERSION = YES;
				GCC_WARN_ABOUT_RETURN_TYPE = YES_ERROR;
				GCC_WARN_UNDECLARED_SELECTOR = YES;
				GCC_WARN_UNINITIALIZED_AUTOS = YES_AGGRESSIVE;
				GCC_WARN_UNUSED_FUNCTION = YES;
				GCC_WARN_UNUSED_VARIABLE = YES;
				MACOSX_DEPLOYMENT_TARGET = 10.12;
				MTL_ENABLE_DEBUG_INFO = NO;
				SDKROOT = macosx;
				SWIFT_OPTIMIZATION_LEVEL = "-Owholemodule";
			};
			name = Release;
		};
		4C8430971E8DE6F2008ABE0E /* Debug */ = {
			isa = XCBuildConfiguration;
			buildSettings = {
				ASSETCATALOG_COMPILER_APPICON_NAME = AppIcon;
				CODE_SIGN_ENTITLEMENTS = Mosaic4ll/Mosaic4ll.entitlements;
				COMBINE_HIDPI_IMAGES = YES;
				DEVELOPMENT_TEAM = JTVP4Z7968;
				INFOPLIST_FILE = Mosaic4ll/Info.plist;
				LD_RUNPATH_SEARCH_PATHS = "$(inherited) @executable_path/../Frameworks";
				PRODUCT_BUNDLE_IDENTIFIER = com.MichaelOpenSourceFactory.Mosaic4ll;
				PRODUCT_NAME = "$(TARGET_NAME)";
				SWIFT_VERSION = 3.0;
			};
			name = Debug;
		};
		4C8430981E8DE6F2008ABE0E /* Release */ = {
			isa = XCBuildConfiguration;
			buildSettings = {
				ASSETCATALOG_COMPILER_APPICON_NAME = AppIcon;
				CODE_SIGN_ENTITLEMENTS = Mosaic4ll/Mosaic4ll.entitlements;
				COMBINE_HIDPI_IMAGES = YES;
				DEVELOPMENT_TEAM = JTVP4Z7968;
				INFOPLIST_FILE = Mosaic4ll/Info.plist;
				LD_RUNPATH_SEARCH_PATHS = "$(inherited) @executable_path/../Frameworks";
				PRODUCT_BUNDLE_IDENTIFIER = com.MichaelOpenSourceFactory.Mosaic4ll;
				PRODUCT_NAME = "$(TARGET_NAME)";
				SWIFT_VERSION = 3.0;
			};
			name = Release;
		};
/* End XCBuildConfiguration section */

/* Begin XCConfigurationList section */
		4C8430821E8DE6F2008ABE0E /* Build configuration list for PBXProject "Mosaic4ll" */ = {
			isa = XCConfigurationList;
			buildConfigurations = (
				4C8430941E8DE6F2008ABE0E /* Debug */,
				4C8430951E8DE6F2008ABE0E /* Release */,
			);
			defaultConfigurationIsVisible = 0;
			defaultConfigurationName = Release;
		};
		4C8430961E8DE6F2008ABE0E /* Build configuration list for PBXNativeTarget "Mosaic4ll" */ = {
			isa = XCConfigurationList;
			buildConfigurations = (
				4C8430971E8DE6F2008ABE0E /* Debug */,
				4C8430981E8DE6F2008ABE0E /* Release */,
			);
			defaultConfigurationIsVisible = 0;
			defaultConfigurationName = Release;
		};
/* End XCConfigurationList section */
	};
	rootObject = 4C84307F1E8DE6F2008ABE0E /* Project object */;
}
